
Microsoft Visual Studio Solution File, Format Version 12.00
# Visual Studio 15
VisualStudioVersion = 15.0.27703.2026
MinimumVisualStudioVersion = 10.0.40219.1
Project("{9A19103F-16F7-4668-BE54-9A1E7A4F7556}") = "AWSRekognition", "AWSRekognition\AWSRekognition.csproj", "{DB5E2FE8-6CD4-4338-A01B-7727F08A0750}"
EndProject
Global
	GlobalSection(SolutionConfigurationPlatforms) = preSolution
		Debug|Any CPU = Debug|Any CPU
		Release|Any CPU = Release|Any CPU
	EndGlobalSection
	GlobalSection(ProjectConfigurationPlatforms) = postSolution
		{DB5E2FE8-6CD4-4338-A01B-7727F08A0750}.Debug|Any CPU.ActiveCfg = Debug|Any CPU
		{DB5E2FE8-6CD4-4338-A01B-7727F08A0750}.Debug|Any CPU.Build.0 = Debug|Any CPU
		{DB5E2FE8-6CD4-4338-A01B-7727F08A0750}.Release|Any CPU.ActiveCfg = Release|Any CPU
		{DB5E2FE8-6CD4-4338-A01B-7727F08A0750}.Release|Any CPU.Build.0 = Release|Any CPU
	EndGlobalSection
	GlobalSection(SolutionProperties) = preSolution
		HideSolutionNode = FALSE
	EndGlobalSection
	GlobalSection(ExtensibilityGlobals) = postSolution
		SolutionGuid = {D8405F2E-9223-402E-B688-97ADD08DD4CF}
	EndGlobalSection
EndGlobal
